
Microsoft Visual Studio Solution File, Format Version 12.00
# Visual Studio Version 17
VisualStudioVersion = 17.3.32929.385
MinimumVisualStudioVersion = 10.0.40219.1
Project("{FAE04EC0-301F-11D3-BF4B-00C04F79EFBC}") = "Controle", "Controle.csproj", "{51083867-037B-4E85-98D2-97AF1DD4B777}"
EndProject
Global
	GlobalSection(SolutionConfigurationPlatforms) = preSolution
		Debug|Any CPU = Debug|Any CPU
		Release|Any CPU = Release|Any CPU
	EndGlobalSection
	GlobalSection(ProjectConfigurationPlatforms) = postSolution
		{51083867-037B-4E85-98D2-97AF1DD4B777}.Debug|Any CPU.ActiveCfg = Debug|Any CPU
		{51083867-037B-4E85-98D2-97AF1DD4B777}.Debug|Any CPU.Build.0 = Debug|Any CPU
		{51083867-037B-4E85-98D2-97AF1DD4B777}.Release|Any CPU.ActiveCfg = Release|Any CPU
		{51083867-037B-4E85-98D2-97AF1DD4B777}.Release|Any CPU.Build.0 = Release|Any CPU
	EndGlobalSection
	GlobalSection(SolutionProperties) = preSolution
		HideSolutionNode = FALSE
	EndGlobalSection
	GlobalSection(ExtensibilityGlobals) = postSolution
		SolutionGuid = {85373F60-2CF1-474C-9049-8B55A57C9FA6}
	EndGlobalSection
EndGlobal
